
Microsoft Visual Studio Solution File, Format Version 12.00
# Visual Studio Version 16
VisualStudioVersion = 16.0.33529.622
MinimumVisualStudioVersion = 10.0.40219.1
Project("{FAE04EC0-301F-11D3-BF4B-00C04F79EFBC}") = "myLibrary", "myLibrary\myLibrary.csproj", "{C43CE7A9-51A7-4AA3-B6A1-4A20A4637CB5}"
EndProject
Global
	GlobalSection(SolutionConfigurationPlatforms) = preSolution
		Debug|Any CPU = Debug|Any CPU
		Release|Any CPU = Release|Any CPU
	EndGlobalSection
	GlobalSection(ProjectConfigurationPlatforms) = postSolution
		{C43CE7A9-51A7-4AA3-B6A1-4A20A4637CB5}.Debug|Any CPU.ActiveCfg = Debug|Any CPU
		{C43CE7A9-51A7-4AA3-B6A1-4A20A4637CB5}.Debug|Any CPU.Build.0 = Debug|Any CPU
		{C43CE7A9-51A7-4AA3-B6A1-4A20A4637CB5}.Release|Any CPU.ActiveCfg = Release|Any CPU
		{C43CE7A9-51A7-4AA3-B6A1-4A20A4637CB5}.Release|Any CPU.Build.0 = Release|Any CPU
	EndGlobalSection
	GlobalSection(SolutionProperties) = preSolution
		HideSolutionNode = FALSE
	EndGlobalSection
	GlobalSection(ExtensibilityGlobals) = postSolution
		SolutionGuid = {75F16F37-AC0C-4D63-8E69-938BFB4F313B}
	EndGlobalSection
EndGlobal
